
Microsoft Visual Studio Solution File, Format Version 12.00
# Visual Studio Version 16
VisualStudioVersion = 16.0.32106.194
MinimumVisualStudioVersion = 10.0.40219.1
Project("{FAE04EC0-301F-11D3-BF4B-00C04F79EFBC}") = "TheAreaOfAPolygonInsideACircle.Test", "TheAreaOfAPolygonInsideACircle.Test\TheAreaOfAPolygonInsideACircle.Test.csproj", "{2045C3B9-E5BD-4497-9FFE-7DB0D0FC1DEA}"
EndProject
Project("{FAE04EC0-301F-11D3-BF4B-00C04F79EFBC}") = "TheAreaOfAPolygonInsideACircle.App", "TheAreaOfAPolygonInsideACircle.App\TheAreaOfAPolygonInsideACircle.App.csproj", "{E2E13DF7-575E-4D63-B1A3-DBD8EBB205A2}"
EndProject
Global
	GlobalSection(SolutionConfigurationPlatforms) = preSolution
		Debug|Any CPU = Debug|Any CPU
		Release|Any CPU = Release|Any CPU
	EndGlobalSection
	GlobalSection(ProjectConfigurationPlatforms) = postSolution
		{2045C3B9-E5BD-4497-9FFE-7DB0D0FC1DEA}.Debug|Any CPU.ActiveCfg = Debug|Any CPU
		{2045C3B9-E5BD-4497-9FFE-7DB0D0FC1DEA}.Debug|Any CPU.Build.0 = Debug|Any CPU
		{2045C3B9-E5BD-4497-9FFE-7DB0D0FC1DEA}.Release|Any CPU.ActiveCfg = Release|Any CPU
		{2045C3B9-E5BD-4497-9FFE-7DB0D0FC1DEA}.Release|Any CPU.Build.0 = Release|Any CPU
		{E2E13DF7-575E-4D63-B1A3-DBD8EBB205A2}.Debug|Any CPU.ActiveCfg = Debug|Any CPU
		{E2E13DF7-575E-4D63-B1A3-DBD8EBB205A2}.Debug|Any CPU.Build.0 = Debug|Any CPU
		{E2E13DF7-575E-4D63-B1A3-DBD8EBB205A2}.Release|Any CPU.ActiveCfg = Release|Any CPU
		{E2E13DF7-575E-4D63-B1A3-DBD8EBB205A2}.Release|Any CPU.Build.0 = Release|Any CPU
	EndGlobalSection
	GlobalSection(SolutionProperties) = preSolution
		HideSolutionNode = FALSE
	EndGlobalSection
	GlobalSection(ExtensibilityGlobals) = postSolution
		SolutionGuid = {89C6426D-B17D-4A59-A774-705ACBAC613F}
	EndGlobalSection
EndGlobal
